
Microsoft Visual Studio Solution File, Format Version 12.00
# Visual Studio 15
VisualStudioVersion = 15.0.27130.2010
MinimumVisualStudioVersion = 10.0.40219.1
Project("{9A19103F-16F7-4668-BE54-9A1E7A4F7556}") = "Checkpoint01", "Checkpoint01\Checkpoint01.csproj", "{153A9C4B-EFB3-4A4F-A081-215E5E99B604}"
EndProject
Project("{9A19103F-16F7-4668-BE54-9A1E7A4F7556}") = "Modul2", "Modul2\Modul2.csproj", "{1BDA2C0F-E1F4-4333-8642-1E431B5AFC11}"
EndProject
Project("{9A19103F-16F7-4668-BE54-9A1E7A4F7556}") = "Modul3", "Modul3\Modul3.csproj", "{89EDE9BA-3140-4C6D-A6E4-D97453DBB366}"
EndProject
Project("{9A19103F-16F7-4668-BE54-9A1E7A4F7556}") = "Test", "Test\Test.csproj", "{BC91B074-D8A4-450F-926C-76ECC7DC0285}"
EndProject
Project("{FAE04EC0-301F-11D3-BF4B-00C04F79EFBC}") = "Chekpoint2", "Chekpoint2\Chekpoint2.csproj", "{67EB4B1D-4CE9-463E-A82C-726A674A001A}"
EndProject
Global
	GlobalSection(SolutionConfigurationPlatforms) = preSolution
		Debug|Any CPU = Debug|Any CPU
		Release|Any CPU = Release|Any CPU
	EndGlobalSection
	GlobalSection(ProjectConfigurationPlatforms) = postSolution
		{153A9C4B-EFB3-4A4F-A081-215E5E99B604}.Debug|Any CPU.ActiveCfg = Debug|Any CPU
		{153A9C4B-EFB3-4A4F-A081-215E5E99B604}.Debug|Any CPU.Build.0 = Debug|Any CPU
		{153A9C4B-EFB3-4A4F-A081-215E5E99B604}.Release|Any CPU.ActiveCfg = Release|Any CPU
		{153A9C4B-EFB3-4A4F-A081-215E5E99B604}.Release|Any CPU.Build.0 = Release|Any CPU
		{1BDA2C0F-E1F4-4333-8642-1E431B5AFC11}.Debug|Any CPU.ActiveCfg = Debug|Any CPU
		{1BDA2C0F-E1F4-4333-8642-1E431B5AFC11}.Debug|Any CPU.Build.0 = Debug|Any CPU
		{1BDA2C0F-E1F4-4333-8642-1E431B5AFC11}.Release|Any CPU.ActiveCfg = Release|Any CPU
		{1BDA2C0F-E1F4-4333-8642-1E431B5AFC11}.Release|Any CPU.Build.0 = Release|Any CPU
		{89EDE9BA-3140-4C6D-A6E4-D97453DBB366}.Debug|Any CPU.ActiveCfg = Debug|Any CPU
		{89EDE9BA-3140-4C6D-A6E4-D97453DBB366}.Debug|Any CPU.Build.0 = Debug|Any CPU
		{89EDE9BA-3140-4C6D-A6E4-D97453DBB366}.Release|Any CPU.ActiveCfg = Release|Any CPU
		{89EDE9BA-3140-4C6D-A6E4-D97453DBB366}.Release|Any CPU.Build.0 = Release|Any CPU
		{BC91B074-D8A4-450F-926C-76ECC7DC0285}.Debug|Any CPU.ActiveCfg = Debug|Any CPU
		{BC91B074-D8A4-450F-926C-76ECC7DC0285}.Debug|Any CPU.Build.0 = Debug|Any CPU
		{BC91B074-D8A4-450F-926C-76ECC7DC0285}.Release|Any CPU.ActiveCfg = Release|Any CPU
		{BC91B074-D8A4-450F-926C-76ECC7DC0285}.Release|Any CPU.Build.0 = Release|Any CPU
		{67EB4B1D-4CE9-463E-A82C-726A674A001A}.Debug|Any CPU.ActiveCfg = Debug|Any CPU
		{67EB4B1D-4CE9-463E-A82C-726A674A001A}.Debug|Any CPU.Build.0 = Debug|Any CPU
		{67EB4B1D-4CE9-463E-A82C-726A674A001A}.Release|Any CPU.ActiveCfg = Release|Any CPU
		{67EB4B1D-4CE9-463E-A82C-726A674A001A}.Release|Any CPU.Build.0 = Release|Any CPU
	EndGlobalSection
	GlobalSection(SolutionProperties) = preSolution
		HideSolutionNode = FALSE
	EndGlobalSection
	GlobalSection(ExtensibilityGlobals) = postSolution
		SolutionGuid = {B85ADDAB-2A90-4EF3-83F2-4F77F83062E0}
	EndGlobalSection
EndGlobal
