
Microsoft Visual Studio Solution File, Format Version 12.00
# Visual Studio 15
VisualStudioVersion = 15.0.27130.2010
MinimumVisualStudioVersion = 10.0.40219.1
Project("{FAE04EC0-301F-11D3-BF4B-00C04F79EFBC}") = "ConsoleApp1", "ConsoleApp1\ConsoleApp1.csproj", "{183510BF-2C9B-4A1F-B63F-F85D5D0674D9}"
EndProject
Global
	GlobalSection(SolutionConfigurationPlatforms) = preSolution
		Debug|Any CPU = Debug|Any CPU
		Release|Any CPU = Release|Any CPU
	EndGlobalSection
	GlobalSection(ProjectConfigurationPlatforms) = postSolution
		{183510BF-2C9B-4A1F-B63F-F85D5D0674D9}.Debug|Any CPU.ActiveCfg = Debug|Any CPU
		{183510BF-2C9B-4A1F-B63F-F85D5D0674D9}.Debug|Any CPU.Build.0 = Debug|Any CPU
		{183510BF-2C9B-4A1F-B63F-F85D5D0674D9}.Release|Any CPU.ActiveCfg = Release|Any CPU
		{183510BF-2C9B-4A1F-B63F-F85D5D0674D9}.Release|Any CPU.Build.0 = Release|Any CPU
	EndGlobalSection
	GlobalSection(SolutionProperties) = preSolution
		HideSolutionNode = FALSE
	EndGlobalSection
	GlobalSection(ExtensibilityGlobals) = postSolution
		SolutionGuid = {CF68F7A6-6B4C-4FF8-AF2C-100E26765D80}
	EndGlobalSection
EndGlobal
