
Microsoft Visual Studio Solution File, Format Version 12.00
# Visual Studio 15
VisualStudioVersion = 15.0.27130.2010
MinimumVisualStudioVersion = 10.0.40219.1
Project("{9A19103F-16F7-4668-BE54-9A1E7A4F7556}") = "Modul41", "Modul41\Modul41.csproj", "{1E740998-1EC2-437F-883A-1DD45CF61D37}"
EndProject
Project("{9A19103F-16F7-4668-BE54-9A1E7A4F7556}") = "Modul42", "Modul42\Modul42.csproj", "{22335F2A-F110-4FC9-9291-852A36156925}"
EndProject
Project("{9A19103F-16F7-4668-BE54-9A1E7A4F7556}") = "Modul43", "Modul43\Modul43.csproj", "{26EC8363-97E7-4F83-AF67-BA926E081A7B}"
EndProject
Project("{FAE04EC0-301F-11D3-BF4B-00C04F79EFBC}") = "Modul44", "Modul44\Modul44.csproj", "{4B49AD65-A2F5-4559-8426-83C9E7BFDCD0}"
EndProject
Project("{FAE04EC0-301F-11D3-BF4B-00C04F79EFBC}") = "Modul431", "Modul431\Modul431.csproj", "{5E1A5C6F-D792-4BFF-860A-60F74963EAED}"
EndProject
Global
	GlobalSection(SolutionConfigurationPlatforms) = preSolution
		Debug|Any CPU = Debug|Any CPU
		Release|Any CPU = Release|Any CPU
	EndGlobalSection
	GlobalSection(ProjectConfigurationPlatforms) = postSolution
		{1E740998-1EC2-437F-883A-1DD45CF61D37}.Debug|Any CPU.ActiveCfg = Debug|Any CPU
		{1E740998-1EC2-437F-883A-1DD45CF61D37}.Debug|Any CPU.Build.0 = Debug|Any CPU
		{1E740998-1EC2-437F-883A-1DD45CF61D37}.Release|Any CPU.ActiveCfg = Release|Any CPU
		{1E740998-1EC2-437F-883A-1DD45CF61D37}.Release|Any CPU.Build.0 = Release|Any CPU
		{22335F2A-F110-4FC9-9291-852A36156925}.Debug|Any CPU.ActiveCfg = Debug|Any CPU
		{22335F2A-F110-4FC9-9291-852A36156925}.Debug|Any CPU.Build.0 = Debug|Any CPU
		{22335F2A-F110-4FC9-9291-852A36156925}.Release|Any CPU.ActiveCfg = Release|Any CPU
		{22335F2A-F110-4FC9-9291-852A36156925}.Release|Any CPU.Build.0 = Release|Any CPU
		{26EC8363-97E7-4F83-AF67-BA926E081A7B}.Debug|Any CPU.ActiveCfg = Debug|Any CPU
		{26EC8363-97E7-4F83-AF67-BA926E081A7B}.Debug|Any CPU.Build.0 = Debug|Any CPU
		{26EC8363-97E7-4F83-AF67-BA926E081A7B}.Release|Any CPU.ActiveCfg = Release|Any CPU
		{26EC8363-97E7-4F83-AF67-BA926E081A7B}.Release|Any CPU.Build.0 = Release|Any CPU
		{4B49AD65-A2F5-4559-8426-83C9E7BFDCD0}.Debug|Any CPU.ActiveCfg = Debug|Any CPU
		{4B49AD65-A2F5-4559-8426-83C9E7BFDCD0}.Debug|Any CPU.Build.0 = Debug|Any CPU
		{4B49AD65-A2F5-4559-8426-83C9E7BFDCD0}.Release|Any CPU.ActiveCfg = Release|Any CPU
		{4B49AD65-A2F5-4559-8426-83C9E7BFDCD0}.Release|Any CPU.Build.0 = Release|Any CPU
		{5E1A5C6F-D792-4BFF-860A-60F74963EAED}.Debug|Any CPU.ActiveCfg = Debug|Any CPU
		{5E1A5C6F-D792-4BFF-860A-60F74963EAED}.Debug|Any CPU.Build.0 = Debug|Any CPU
		{5E1A5C6F-D792-4BFF-860A-60F74963EAED}.Release|Any CPU.ActiveCfg = Release|Any CPU
		{5E1A5C6F-D792-4BFF-860A-60F74963EAED}.Release|Any CPU.Build.0 = Release|Any CPU
	EndGlobalSection
	GlobalSection(SolutionProperties) = preSolution
		HideSolutionNode = FALSE
	EndGlobalSection
	GlobalSection(ExtensibilityGlobals) = postSolution
		SolutionGuid = {234568CC-EBBC-4F74-96B5-6923B50F2B61}
	EndGlobalSection
EndGlobal
