
Microsoft Visual Studio Solution File, Format Version 12.00
# Visual Studio 15
VisualStudioVersion = 15.0.27130.2010
MinimumVisualStudioVersion = 10.0.40219.1
Project("{9A19103F-16F7-4668-BE54-9A1E7A4F7556}") = "Modul71", "Modul71\Modul71.csproj", "{76DE75E1-6BBA-4841-8B99-17DCE0400B50}"
EndProject
Project("{FAE04EC0-301F-11D3-BF4B-00C04F79EFBC}") = "Elevatortest", "Elevatortest\Elevatortest.csproj", "{92AB9EC0-DF6A-4882-A65F-32EEC777B8B4}"
EndProject
Global
	GlobalSection(SolutionConfigurationPlatforms) = preSolution
		Debug|Any CPU = Debug|Any CPU
		Release|Any CPU = Release|Any CPU
	EndGlobalSection
	GlobalSection(ProjectConfigurationPlatforms) = postSolution
		{76DE75E1-6BBA-4841-8B99-17DCE0400B50}.Debug|Any CPU.ActiveCfg = Debug|Any CPU
		{76DE75E1-6BBA-4841-8B99-17DCE0400B50}.Debug|Any CPU.Build.0 = Debug|Any CPU
		{76DE75E1-6BBA-4841-8B99-17DCE0400B50}.Release|Any CPU.ActiveCfg = Release|Any CPU
		{76DE75E1-6BBA-4841-8B99-17DCE0400B50}.Release|Any CPU.Build.0 = Release|Any CPU
		{92AB9EC0-DF6A-4882-A65F-32EEC777B8B4}.Debug|Any CPU.ActiveCfg = Debug|Any CPU
		{92AB9EC0-DF6A-4882-A65F-32EEC777B8B4}.Debug|Any CPU.Build.0 = Debug|Any CPU
		{92AB9EC0-DF6A-4882-A65F-32EEC777B8B4}.Release|Any CPU.ActiveCfg = Release|Any CPU
		{92AB9EC0-DF6A-4882-A65F-32EEC777B8B4}.Release|Any CPU.Build.0 = Release|Any CPU
	EndGlobalSection
	GlobalSection(SolutionProperties) = preSolution
		HideSolutionNode = FALSE
	EndGlobalSection
	GlobalSection(ExtensibilityGlobals) = postSolution
		SolutionGuid = {42F08400-62BF-434F-9CEE-409A01A80B1E}
	EndGlobalSection
EndGlobal
