
Microsoft Visual Studio Solution File, Format Version 12.00
# Visual Studio 15
VisualStudioVersion = 15.0.27130.2010
MinimumVisualStudioVersion = 10.0.40219.1
Project("{FAE04EC0-301F-11D3-BF4B-00C04F79EFBC}") = "Modul11", "Modul11\Modul11.csproj", "{65D1D284-D01B-4685-98A7-FB0A37CE863D}"
EndProject
Global
	GlobalSection(SolutionConfigurationPlatforms) = preSolution
		Debug|Any CPU = Debug|Any CPU
		Release|Any CPU = Release|Any CPU
	EndGlobalSection
	GlobalSection(ProjectConfigurationPlatforms) = postSolution
		{65D1D284-D01B-4685-98A7-FB0A37CE863D}.Debug|Any CPU.ActiveCfg = Debug|Any CPU
		{65D1D284-D01B-4685-98A7-FB0A37CE863D}.Debug|Any CPU.Build.0 = Debug|Any CPU
		{65D1D284-D01B-4685-98A7-FB0A37CE863D}.Release|Any CPU.ActiveCfg = Release|Any CPU
		{65D1D284-D01B-4685-98A7-FB0A37CE863D}.Release|Any CPU.Build.0 = Release|Any CPU
	EndGlobalSection
	GlobalSection(SolutionProperties) = preSolution
		HideSolutionNode = FALSE
	EndGlobalSection
	GlobalSection(ExtensibilityGlobals) = postSolution
		SolutionGuid = {A4EBCFB8-6F66-4CFF-8C46-DF9CFDD9FB91}
	EndGlobalSection
EndGlobal
