
Microsoft Visual Studio Solution File, Format Version 12.00
# Visual Studio 15
VisualStudioVersion = 15.0.27130.2010
MinimumVisualStudioVersion = 10.0.40219.1
Project("{9A19103F-16F7-4668-BE54-9A1E7A4F7556}") = "Modul10", "Modul10\Modul10.csproj", "{20126EDE-58F8-4830-B30D-33F187703C8A}"
EndProject
Global
	GlobalSection(SolutionConfigurationPlatforms) = preSolution
		Debug|Any CPU = Debug|Any CPU
		Release|Any CPU = Release|Any CPU
	EndGlobalSection
	GlobalSection(ProjectConfigurationPlatforms) = postSolution
		{20126EDE-58F8-4830-B30D-33F187703C8A}.Debug|Any CPU.ActiveCfg = Debug|Any CPU
		{20126EDE-58F8-4830-B30D-33F187703C8A}.Debug|Any CPU.Build.0 = Debug|Any CPU
		{20126EDE-58F8-4830-B30D-33F187703C8A}.Release|Any CPU.ActiveCfg = Release|Any CPU
		{20126EDE-58F8-4830-B30D-33F187703C8A}.Release|Any CPU.Build.0 = Release|Any CPU
	EndGlobalSection
	GlobalSection(SolutionProperties) = preSolution
		HideSolutionNode = FALSE
	EndGlobalSection
	GlobalSection(ExtensibilityGlobals) = postSolution
		SolutionGuid = {1D012047-A29B-453D-A8C2-AFDE7A68CE28}
	EndGlobalSection
EndGlobal
